
Microsoft Visual Studio Solution File, Format Version 12.00
# Visual Studio Version 16
VisualStudioVersion = 16.0.29102.190
MinimumVisualStudioVersion = 10.0.40219.1
Project("{FAE04EC0-301F-11D3-BF4B-00C04F79EFBC}") = "ListarCarrosDoAmigo", "ListarCarrosDoAmigo\ListarCarrosDoAmigo.csproj", "{31729A13-3871-4CB5-A604-9F48DA85AFED}"
EndProject
Global
	GlobalSection(SolutionConfigurationPlatforms) = preSolution
		Debug|Any CPU = Debug|Any CPU
		Release|Any CPU = Release|Any CPU
	EndGlobalSection
	GlobalSection(ProjectConfigurationPlatforms) = postSolution
		{31729A13-3871-4CB5-A604-9F48DA85AFED}.Debug|Any CPU.ActiveCfg = Debug|Any CPU
		{31729A13-3871-4CB5-A604-9F48DA85AFED}.Debug|Any CPU.Build.0 = Debug|Any CPU
		{31729A13-3871-4CB5-A604-9F48DA85AFED}.Release|Any CPU.ActiveCfg = Release|Any CPU
		{31729A13-3871-4CB5-A604-9F48DA85AFED}.Release|Any CPU.Build.0 = Release|Any CPU
	EndGlobalSection
	GlobalSection(SolutionProperties) = preSolution
		HideSolutionNode = FALSE
	EndGlobalSection
	GlobalSection(ExtensibilityGlobals) = postSolution
		SolutionGuid = {A5F2C648-096E-4F0B-8E53-F8416E81D5D5}
	EndGlobalSection
EndGlobal
