
Microsoft Visual Studio Solution File, Format Version 12.00
# Visual Studio Version 16
VisualStudioVersion = 16.0.29020.237
MinimumVisualStudioVersion = 10.0.40219.1
Project("{FAE04EC0-301F-11D3-BF4B-00C04F79EFBC}") = "CicloWhile", "CicloWhile\CicloWhile.csproj", "{919A72DD-DD3A-4A3D-BE31-C14071AC5E28}"
EndProject
Project("{FAE04EC0-301F-11D3-BF4B-00C04F79EFBC}") = "PodeBeber", "PodeBeber\PodeBeber.csproj", "{73AE7298-441F-4BB3-AC85-4BDCE8B4DB2E}"
EndProject
Project("{FAE04EC0-301F-11D3-BF4B-00C04F79EFBC}") = "Cópia do Professor", "Cópia do Professor\Cópia do Professor.csproj", "{0BD591B9-5E8C-43D5-9C5E-C43B09123FBF}"
EndProject
Project("{FAE04EC0-301F-11D3-BF4B-00C04F79EFBC}") = "TimeNowShow", "TimeNowShow\TimeNowShow.csproj", "{7BFF503B-F742-4F4A-A581-19DAF4F6EFC1}"
EndProject
Global
	GlobalSection(SolutionConfigurationPlatforms) = preSolution
		Debug|Any CPU = Debug|Any CPU
		Release|Any CPU = Release|Any CPU
	EndGlobalSection
	GlobalSection(ProjectConfigurationPlatforms) = postSolution
		{919A72DD-DD3A-4A3D-BE31-C14071AC5E28}.Debug|Any CPU.ActiveCfg = Debug|Any CPU
		{919A72DD-DD3A-4A3D-BE31-C14071AC5E28}.Debug|Any CPU.Build.0 = Debug|Any CPU
		{919A72DD-DD3A-4A3D-BE31-C14071AC5E28}.Release|Any CPU.ActiveCfg = Release|Any CPU
		{919A72DD-DD3A-4A3D-BE31-C14071AC5E28}.Release|Any CPU.Build.0 = Release|Any CPU
		{73AE7298-441F-4BB3-AC85-4BDCE8B4DB2E}.Debug|Any CPU.ActiveCfg = Debug|Any CPU
		{73AE7298-441F-4BB3-AC85-4BDCE8B4DB2E}.Debug|Any CPU.Build.0 = Debug|Any CPU
		{73AE7298-441F-4BB3-AC85-4BDCE8B4DB2E}.Release|Any CPU.ActiveCfg = Release|Any CPU
		{73AE7298-441F-4BB3-AC85-4BDCE8B4DB2E}.Release|Any CPU.Build.0 = Release|Any CPU
		{0BD591B9-5E8C-43D5-9C5E-C43B09123FBF}.Debug|Any CPU.ActiveCfg = Debug|Any CPU
		{0BD591B9-5E8C-43D5-9C5E-C43B09123FBF}.Debug|Any CPU.Build.0 = Debug|Any CPU
		{0BD591B9-5E8C-43D5-9C5E-C43B09123FBF}.Release|Any CPU.ActiveCfg = Release|Any CPU
		{0BD591B9-5E8C-43D5-9C5E-C43B09123FBF}.Release|Any CPU.Build.0 = Release|Any CPU
		{7BFF503B-F742-4F4A-A581-19DAF4F6EFC1}.Debug|Any CPU.ActiveCfg = Debug|Any CPU
		{7BFF503B-F742-4F4A-A581-19DAF4F6EFC1}.Debug|Any CPU.Build.0 = Debug|Any CPU
		{7BFF503B-F742-4F4A-A581-19DAF4F6EFC1}.Release|Any CPU.ActiveCfg = Release|Any CPU
		{7BFF503B-F742-4F4A-A581-19DAF4F6EFC1}.Release|Any CPU.Build.0 = Release|Any CPU
	EndGlobalSection
	GlobalSection(SolutionProperties) = preSolution
		HideSolutionNode = FALSE
	EndGlobalSection
	GlobalSection(ExtensibilityGlobals) = postSolution
		SolutionGuid = {30D73175-0AAD-4510-9DDE-DFE9CFDB9896}
	EndGlobalSection
EndGlobal
