
Microsoft Visual Studio Solution File, Format Version 12.00
# Visual Studio Version 16
VisualStudioVersion = 16.0.29102.190
MinimumVisualStudioVersion = 10.0.40219.1
Project("{FAE04EC0-301F-11D3-BF4B-00C04F79EFBC}") = "ListarPessoas", "ListarPessoas\ListarPessoas.csproj", "{163171BC-DA70-41F1-A48E-422BF5C6F416}"
EndProject
Project("{FAE04EC0-301F-11D3-BF4B-00C04F79EFBC}") = "ListantoPessoas2", "ListantoPessoas2\ListantoPessoas2.csproj", "{5A1B05EE-1D77-4D62-A3B1-6AECA9857E7C}"
EndProject
Global
	GlobalSection(SolutionConfigurationPlatforms) = preSolution
		Debug|Any CPU = Debug|Any CPU
		Release|Any CPU = Release|Any CPU
	EndGlobalSection
	GlobalSection(ProjectConfigurationPlatforms) = postSolution
		{163171BC-DA70-41F1-A48E-422BF5C6F416}.Debug|Any CPU.ActiveCfg = Debug|Any CPU
		{163171BC-DA70-41F1-A48E-422BF5C6F416}.Debug|Any CPU.Build.0 = Debug|Any CPU
		{163171BC-DA70-41F1-A48E-422BF5C6F416}.Release|Any CPU.ActiveCfg = Release|Any CPU
		{163171BC-DA70-41F1-A48E-422BF5C6F416}.Release|Any CPU.Build.0 = Release|Any CPU
		{5A1B05EE-1D77-4D62-A3B1-6AECA9857E7C}.Debug|Any CPU.ActiveCfg = Debug|Any CPU
		{5A1B05EE-1D77-4D62-A3B1-6AECA9857E7C}.Debug|Any CPU.Build.0 = Debug|Any CPU
		{5A1B05EE-1D77-4D62-A3B1-6AECA9857E7C}.Release|Any CPU.ActiveCfg = Release|Any CPU
		{5A1B05EE-1D77-4D62-A3B1-6AECA9857E7C}.Release|Any CPU.Build.0 = Release|Any CPU
	EndGlobalSection
	GlobalSection(SolutionProperties) = preSolution
		HideSolutionNode = FALSE
	EndGlobalSection
	GlobalSection(ExtensibilityGlobals) = postSolution
		SolutionGuid = {3BFD53CC-9A6C-494E-B8E7-453CBD9FCAA3}
	EndGlobalSection
EndGlobal
