
Microsoft Visual Studio Solution File, Format Version 12.00
# Visual Studio Version 16
VisualStudioVersion = 16.0.29102.190
MinimumVisualStudioVersion = 10.0.40219.1
Project("{FAE04EC0-301F-11D3-BF4B-00C04F79EFBC}") = "ClassBicicletas", "ClassBicicletas\ClassBicicletas.csproj", "{10CC8000-8659-4994-8341-B6BD00860757}"
EndProject
Project("{FAE04EC0-301F-11D3-BF4B-00C04F79EFBC}") = "InterfaceBicicleta", "InterfaceBicicleta\InterfaceBicicleta.csproj", "{C6FBE6C2-BBEC-4A49-9C78-4A1FB8EC53DE}"
EndProject
Global
	GlobalSection(SolutionConfigurationPlatforms) = preSolution
		Debug|Any CPU = Debug|Any CPU
		Release|Any CPU = Release|Any CPU
	EndGlobalSection
	GlobalSection(ProjectConfigurationPlatforms) = postSolution
		{10CC8000-8659-4994-8341-B6BD00860757}.Debug|Any CPU.ActiveCfg = Debug|Any CPU
		{10CC8000-8659-4994-8341-B6BD00860757}.Debug|Any CPU.Build.0 = Debug|Any CPU
		{10CC8000-8659-4994-8341-B6BD00860757}.Release|Any CPU.ActiveCfg = Release|Any CPU
		{10CC8000-8659-4994-8341-B6BD00860757}.Release|Any CPU.Build.0 = Release|Any CPU
		{C6FBE6C2-BBEC-4A49-9C78-4A1FB8EC53DE}.Debug|Any CPU.ActiveCfg = Debug|Any CPU
		{C6FBE6C2-BBEC-4A49-9C78-4A1FB8EC53DE}.Debug|Any CPU.Build.0 = Debug|Any CPU
		{C6FBE6C2-BBEC-4A49-9C78-4A1FB8EC53DE}.Release|Any CPU.ActiveCfg = Release|Any CPU
		{C6FBE6C2-BBEC-4A49-9C78-4A1FB8EC53DE}.Release|Any CPU.Build.0 = Release|Any CPU
	EndGlobalSection
	GlobalSection(SolutionProperties) = preSolution
		HideSolutionNode = FALSE
	EndGlobalSection
	GlobalSection(ExtensibilityGlobals) = postSolution
		SolutionGuid = {806CB5A8-B65E-4227-AD85-F8AFAF177CBE}
	EndGlobalSection
EndGlobal
