
Microsoft Visual Studio Solution File, Format Version 12.00
# Visual Studio Version 16
VisualStudioVersion = 16.0.29230.47
MinimumVisualStudioVersion = 10.0.40219.1
Project("{FAE04EC0-301F-11D3-BF4B-00C04F79EFBC}") = "InterfaceBiblioteca", "ConsoleApp3\InterfaceBiblioteca.csproj", "{0C5A9B4E-DF73-40D3-842E-A1244C18C51C}"
EndProject
Project("{FAE04EC0-301F-11D3-BF4B-00C04F79EFBC}") = "Dadosbiblioteca", "Dadosbiblioteca\Dadosbiblioteca.csproj", "{0EB8AB9D-3ECC-4A2E-B4FE-527CBBFD802F}"
EndProject
Global
	GlobalSection(SolutionConfigurationPlatforms) = preSolution
		Debug|Any CPU = Debug|Any CPU
		Release|Any CPU = Release|Any CPU
	EndGlobalSection
	GlobalSection(ProjectConfigurationPlatforms) = postSolution
		{0C5A9B4E-DF73-40D3-842E-A1244C18C51C}.Debug|Any CPU.ActiveCfg = Debug|Any CPU
		{0C5A9B4E-DF73-40D3-842E-A1244C18C51C}.Debug|Any CPU.Build.0 = Debug|Any CPU
		{0C5A9B4E-DF73-40D3-842E-A1244C18C51C}.Release|Any CPU.ActiveCfg = Release|Any CPU
		{0C5A9B4E-DF73-40D3-842E-A1244C18C51C}.Release|Any CPU.Build.0 = Release|Any CPU
		{0EB8AB9D-3ECC-4A2E-B4FE-527CBBFD802F}.Debug|Any CPU.ActiveCfg = Debug|Any CPU
		{0EB8AB9D-3ECC-4A2E-B4FE-527CBBFD802F}.Debug|Any CPU.Build.0 = Debug|Any CPU
		{0EB8AB9D-3ECC-4A2E-B4FE-527CBBFD802F}.Release|Any CPU.ActiveCfg = Release|Any CPU
		{0EB8AB9D-3ECC-4A2E-B4FE-527CBBFD802F}.Release|Any CPU.Build.0 = Release|Any CPU
	EndGlobalSection
	GlobalSection(SolutionProperties) = preSolution
		HideSolutionNode = FALSE
	EndGlobalSection
	GlobalSection(ExtensibilityGlobals) = postSolution
		SolutionGuid = {AA0D937A-1097-419B-8D05-26ACE5737FC3}
	EndGlobalSection
EndGlobal
