
Microsoft Visual Studio Solution File, Format Version 12.00
# Visual Studio Version 16
VisualStudioVersion = 16.0.29102.190
MinimumVisualStudioVersion = 10.0.40219.1
Project("{FAE04EC0-301F-11D3-BF4B-00C04F79EFBC}") = "ClassAlunos", "Alunos\ClassAlunos.csproj", "{D80974B5-77FF-4884-B314-FD16948277FD}"
EndProject
Global
	GlobalSection(SolutionConfigurationPlatforms) = preSolution
		Debug|Any CPU = Debug|Any CPU
		Release|Any CPU = Release|Any CPU
	EndGlobalSection
	GlobalSection(ProjectConfigurationPlatforms) = postSolution
		{D80974B5-77FF-4884-B314-FD16948277FD}.Debug|Any CPU.ActiveCfg = Debug|Any CPU
		{D80974B5-77FF-4884-B314-FD16948277FD}.Debug|Any CPU.Build.0 = Debug|Any CPU
		{D80974B5-77FF-4884-B314-FD16948277FD}.Release|Any CPU.ActiveCfg = Release|Any CPU
		{D80974B5-77FF-4884-B314-FD16948277FD}.Release|Any CPU.Build.0 = Release|Any CPU
	EndGlobalSection
	GlobalSection(SolutionProperties) = preSolution
		HideSolutionNode = FALSE
	EndGlobalSection
	GlobalSection(ExtensibilityGlobals) = postSolution
		SolutionGuid = {164AE36D-ED10-401B-8E66-6CC1009F9444}
	EndGlobalSection
EndGlobal
