
Microsoft Visual Studio Solution File, Format Version 12.00
# Visual Studio Version 16
VisualStudioVersion = 16.0.29411.108
MinimumVisualStudioVersion = 10.0.40219.1
Project("{FAE04EC0-301F-11D3-BF4B-00C04F79EFBC}") = "WebApplication1", "WebApplication1\WebApplication1.csproj", "{024CAF38-C0AB-4996-8365-1198C8423BAC}"
EndProject
Global
	GlobalSection(SolutionConfigurationPlatforms) = preSolution
		Debug|Any CPU = Debug|Any CPU
		Release|Any CPU = Release|Any CPU
	EndGlobalSection
	GlobalSection(ProjectConfigurationPlatforms) = postSolution
		{024CAF38-C0AB-4996-8365-1198C8423BAC}.Debug|Any CPU.ActiveCfg = Debug|Any CPU
		{024CAF38-C0AB-4996-8365-1198C8423BAC}.Debug|Any CPU.Build.0 = Debug|Any CPU
		{024CAF38-C0AB-4996-8365-1198C8423BAC}.Release|Any CPU.ActiveCfg = Release|Any CPU
		{024CAF38-C0AB-4996-8365-1198C8423BAC}.Release|Any CPU.Build.0 = Release|Any CPU
	EndGlobalSection
	GlobalSection(SolutionProperties) = preSolution
		HideSolutionNode = FALSE
	EndGlobalSection
	GlobalSection(ExtensibilityGlobals) = postSolution
		SolutionGuid = {0D5F9DA8-80FC-4D9A-B3F4-513FFE8C3BCF}
	EndGlobalSection
EndGlobal
