
Microsoft Visual Studio Solution File, Format Version 12.00
# Visual Studio Version 16
VisualStudioVersion = 16.0.29102.190
MinimumVisualStudioVersion = 10.0.40219.1
Project("{FAE04EC0-301F-11D3-BF4B-00C04F79EFBC}") = "SistemaRelatorioCarros", "SistemaRelatórioCarros\SistemaRelatorioCarros.csproj", "{AC117CA6-5A42-4DCE-8798-1CFA675F4932}"
EndProject
Project("{FAE04EC0-301F-11D3-BF4B-00C04F79EFBC}") = "InterfaceSistemaRelatório", "InterfaceSistemaRelatório\InterfaceSistemaRelatório.csproj", "{707F5BEE-EE15-4BCF-9E71-49F90051A7F5}"
EndProject
Global
	GlobalSection(SolutionConfigurationPlatforms) = preSolution
		Debug|Any CPU = Debug|Any CPU
		Release|Any CPU = Release|Any CPU
	EndGlobalSection
	GlobalSection(ProjectConfigurationPlatforms) = postSolution
		{AC117CA6-5A42-4DCE-8798-1CFA675F4932}.Debug|Any CPU.ActiveCfg = Debug|Any CPU
		{AC117CA6-5A42-4DCE-8798-1CFA675F4932}.Debug|Any CPU.Build.0 = Debug|Any CPU
		{AC117CA6-5A42-4DCE-8798-1CFA675F4932}.Release|Any CPU.ActiveCfg = Release|Any CPU
		{AC117CA6-5A42-4DCE-8798-1CFA675F4932}.Release|Any CPU.Build.0 = Release|Any CPU
		{707F5BEE-EE15-4BCF-9E71-49F90051A7F5}.Debug|Any CPU.ActiveCfg = Debug|Any CPU
		{707F5BEE-EE15-4BCF-9E71-49F90051A7F5}.Debug|Any CPU.Build.0 = Debug|Any CPU
		{707F5BEE-EE15-4BCF-9E71-49F90051A7F5}.Release|Any CPU.ActiveCfg = Release|Any CPU
		{707F5BEE-EE15-4BCF-9E71-49F90051A7F5}.Release|Any CPU.Build.0 = Release|Any CPU
	EndGlobalSection
	GlobalSection(SolutionProperties) = preSolution
		HideSolutionNode = FALSE
	EndGlobalSection
	GlobalSection(ExtensibilityGlobals) = postSolution
		SolutionGuid = {42C29EB3-4FC6-4D84-BA24-DCE5B1937ADA}
	EndGlobalSection
EndGlobal
