
Microsoft Visual Studio Solution File, Format Version 12.00
# Visual Studio Version 16
VisualStudioVersion = 16.0.29102.190
MinimumVisualStudioVersion = 10.0.40219.1
Project("{FAE04EC0-301F-11D3-BF4B-00C04F79EFBC}") = "LocacaoBiblioteca", "LocacaoBiblioteca\LocacaoBiblioteca.csproj", "{5284B60C-00AD-4C6C-8F6F-93D98A4194A9}"
EndProject
Project("{FAE04EC0-301F-11D3-BF4B-00C04F79EFBC}") = "InterfaceBiblioteca", "InterfaceBiblioteca\InterfaceBiblioteca.csproj", "{78B7FACD-AC81-4456-A13E-4625F9B4C899}"
EndProject
Global
	GlobalSection(SolutionConfigurationPlatforms) = preSolution
		Debug|Any CPU = Debug|Any CPU
		Release|Any CPU = Release|Any CPU
	EndGlobalSection
	GlobalSection(ProjectConfigurationPlatforms) = postSolution
		{5284B60C-00AD-4C6C-8F6F-93D98A4194A9}.Debug|Any CPU.ActiveCfg = Debug|Any CPU
		{5284B60C-00AD-4C6C-8F6F-93D98A4194A9}.Debug|Any CPU.Build.0 = Debug|Any CPU
		{5284B60C-00AD-4C6C-8F6F-93D98A4194A9}.Release|Any CPU.ActiveCfg = Release|Any CPU
		{5284B60C-00AD-4C6C-8F6F-93D98A4194A9}.Release|Any CPU.Build.0 = Release|Any CPU
		{78B7FACD-AC81-4456-A13E-4625F9B4C899}.Debug|Any CPU.ActiveCfg = Debug|Any CPU
		{78B7FACD-AC81-4456-A13E-4625F9B4C899}.Debug|Any CPU.Build.0 = Debug|Any CPU
		{78B7FACD-AC81-4456-A13E-4625F9B4C899}.Release|Any CPU.ActiveCfg = Release|Any CPU
		{78B7FACD-AC81-4456-A13E-4625F9B4C899}.Release|Any CPU.Build.0 = Release|Any CPU
	EndGlobalSection
	GlobalSection(SolutionProperties) = preSolution
		HideSolutionNode = FALSE
	EndGlobalSection
	GlobalSection(ExtensibilityGlobals) = postSolution
		SolutionGuid = {F07031FF-9F11-4CED-BAFE-183862EB2F5B}
	EndGlobalSection
EndGlobal
