
Microsoft Visual Studio Solution File, Format Version 12.00
# Visual Studio Version 16
VisualStudioVersion = 16.0.29411.108
MinimumVisualStudioVersion = 10.0.40219.1
Project("{FAE04EC0-301F-11D3-BF4B-00C04F79EFBC}") = "SistemaPessoa", "SistemaPessoa\SistemaPessoa.csproj", "{141E9791-D5E7-400C-8A7D-7211A3DD464B}"
EndProject
Global
	GlobalSection(SolutionConfigurationPlatforms) = preSolution
		Debug|Any CPU = Debug|Any CPU
		Release|Any CPU = Release|Any CPU
	EndGlobalSection
	GlobalSection(ProjectConfigurationPlatforms) = postSolution
		{141E9791-D5E7-400C-8A7D-7211A3DD464B}.Debug|Any CPU.ActiveCfg = Debug|Any CPU
		{141E9791-D5E7-400C-8A7D-7211A3DD464B}.Debug|Any CPU.Build.0 = Debug|Any CPU
		{141E9791-D5E7-400C-8A7D-7211A3DD464B}.Release|Any CPU.ActiveCfg = Release|Any CPU
		{141E9791-D5E7-400C-8A7D-7211A3DD464B}.Release|Any CPU.Build.0 = Release|Any CPU
	EndGlobalSection
	GlobalSection(SolutionProperties) = preSolution
		HideSolutionNode = FALSE
	EndGlobalSection
	GlobalSection(ExtensibilityGlobals) = postSolution
		SolutionGuid = {90272B0B-63A7-45BD-9D04-361C13988DD6}
	EndGlobalSection
EndGlobal
